PODS:
  - Capacitor (1.1.1):
    - CapacitorCordova (= 1.1.1)
  - CapacitorCordova (1.1.1)
  - CryptoSwift (0.12.0)
  - Realm (3.17.3):
    - Realm/Headers (= 3.17.3)
  - Realm/Headers (3.17.3)
  - RealmSwift (3.17.3):
    - Realm (= 3.17.3)

DEPENDENCIES:
  - "Capacitor (from `../node_modules/@capacitor/ios`)"
  - CryptoSwift (= 0.12.0)
  - RealmSwift

SPEC REPOS:
  https://github.com/cocoapods/specs.git:
    - CapacitorCordova
    - CryptoSwift
    - Realm
    - RealmSwift

EXTERNAL SOURCES:
  Capacitor:
    :path: "../node_modules/@capacitor/ios"

SPEC CHECKSUMS:
  Capacitor: f245413edff86ebf3d18bf76cadaee4be58b4a04
  CapacitorCordova: 25811fd90c0ea23ea135a42a217d1918873fa566
  CryptoSwift: 1c07ca50843dd48bc54e6ea53d7a4dba3b645716
  Realm: 5a1d9d47bfc101dd597668b1a8af4288a2557f6d
  RealmSwift: b7fdc2d18616621c31df5c7a398a45a2163f8eb0

PODFILE CHECKSUM: 4e5a5ea88b25de6e92ef0591743f7419da882e8d

COCOAPODS: 1.7.2
